
Microsoft Visual Studio Solution File, Format Version 12.00
# Visual Studio Version 17
VisualStudioVersion = 17.11.35312.102
MinimumVisualStudioVersion = 10.0.40219.1
Project("{FAE04EC0-301F-11D3-BF4B-00C04F79EFBC}") = "GrileMedicina.API", "GrileMedicina.API\GrileMedicina.API.csproj", "{AF9403E9-3D4B-4663-AE45-51BDFE388624}"
EndProject
Global
	GlobalSection(SolutionConfigurationPlatforms) = preSolution
		Debug|Any CPU = Debug|Any CPU
		Release|Any CPU = Release|Any CPU
	EndGlobalSection
	GlobalSection(ProjectConfigurationPlatforms) = postSolution
		{AF9403E9-3D4B-4663-AE45-51BDFE388624}.Debug|Any CPU.ActiveCfg = Debug|Any CPU
		{AF9403E9-3D4B-4663-AE45-51BDFE388624}.Debug|Any CPU.Build.0 = Debug|Any CPU
		{AF9403E9-3D4B-4663-AE45-51BDFE388624}.Release|Any CPU.ActiveCfg = Release|Any CPU
		{AF9403E9-3D4B-4663-AE45-51BDFE388624}.Release|Any CPU.Build.0 = Release|Any CPU
	EndGlobalSection
	GlobalSection(SolutionProperties) = preSolution
		HideSolutionNode = FALSE
	EndGlobalSection
	GlobalSection(ExtensibilityGlobals) = postSolution
		SolutionGuid = {FBDC1F99-4396-4A9B-99B0-7EAFF16ADACA}
	EndGlobalSection
EndGlobal
