
Microsoft Visual Studio Solution File, Format Version 12.00
# Visual Studio Version 17
VisualStudioVersion = 17.12.35527.113
MinimumVisualStudioVersion = 10.0.40219.1
Project("{FAE04EC0-301F-11D3-BF4B-00C04F79EFBC}") = "GrileMedicinaDev", "GrileMedicinaDev\GrileMedicinaDev.csproj", "{CBFCF0C8-2DAD-46C1-9D70-78F5714EB0F7}"
EndProject
Global
	GlobalSection(SolutionConfigurationPlatforms) = preSolution
		Debug|Any CPU = Debug|Any CPU
		Release|Any CPU = Release|Any CPU
	EndGlobalSection
	GlobalSection(ProjectConfigurationPlatforms) = postSolution
		{CBFCF0C8-2DAD-46C1-9D70-78F5714EB0F7}.Debug|Any CPU.ActiveCfg = Debug|Any CPU
		{CBFCF0C8-2DAD-46C1-9D70-78F5714EB0F7}.Debug|Any CPU.Build.0 = Debug|Any CPU
		{CBFCF0C8-2DAD-46C1-9D70-78F5714EB0F7}.Release|Any CPU.ActiveCfg = Release|Any CPU
		{CBFCF0C8-2DAD-46C1-9D70-78F5714EB0F7}.Release|Any CPU.Build.0 = Release|Any CPU
	EndGlobalSection
	GlobalSection(SolutionProperties) = preSolution
		HideSolutionNode = FALSE
	EndGlobalSection
EndGlobal
